<?xml version="1.0" encoding="utf-8"?>
<Project ToolsVersion="4.0" xmlns="http://schemas.microsoft.com/developer/msbuild/2003">
  <ItemGroup>
    <Filter Include="Obligatorio">
      <UniqueIdentifier>{288f1f99-c3c9-4721-83c2-89f1e1834f2d}</UniqueIdentifier>
    </Filter>
    <Filter Include="Obligatorio\Pruebas">
      <UniqueIdentifier>{ec6ed5e1-1060-4607-b4f7-9efbc68609a8}</UniqueIdentifier>
    </Filter>
    <Filter Include="Obligatorio\Implementacion">
      <UniqueIdentifier>{5f63c92d-1635-4d7e-a513-4bf82e999fe4}</UniqueIdentifier>
    </Filter>
    <Filter Include="Obligatorio\Tads">
      <UniqueIdentifier>{dbba3574-390f-48f9-ac1c-47e7674383f7}</UniqueIdentifier>
    </Filter>
    <Filter Include="Obligatorio\Tads\Lista">
      <UniqueIdentifier>{3e37339b-1e03-4c44-ac52-cdd4cceb1110}</UniqueIdentifier>
    </Filter>
  </ItemGroup>
  <ItemGroup>
    <ClCompile Include="Sistema.cpp">
      <Filter>Obligatorio\Implementacion</Filter>
    </ClCompile>
    <ClCompile Include="SistemaTemplates.cpp">
      <Filter>Obligatorio\Implementacion</Filter>
    </ClCompile>
    <ClCompile Include="main.cpp">
      <Filter>Obligatorio</Filter>
    </ClCompile>
    <ClCompile Include="ListaEncadenada.cpp">
      <Filter>Obligatorio\Tads\Lista</Filter>
    </ClCompile>
  </ItemGroup>
  <ItemGroup>
    <ClInclude Include="Sistema.h">
      <Filter>Obligatorio\Implementacion</Filter>
    </ClInclude>
    <ClInclude Include="Lista.h">
      <Filter>Obligatorio\Tads\Lista</Filter>
    </ClInclude>
    <ClInclude Include="ListaEncadenada.h">
      <Filter>Obligatorio\Tads\Lista</Filter>
    </ClInclude>
    <ClInclude Include="Nodo.h">
      <Filter>Obligatorio\Tads\Lista</Filter>
    </ClInclude>
  </ItemGroup>
</Project>